// !$*UTF8*$!
{
	archiveVersion = 1;
	classes = {
	};
	objectVersion = 56;
	objects = {

/* Begin PBXBuildFile section */
		7E1FA21A2C3DC16D0014C33F /* TranscriptItemUtils.swift in Sources */ = {isa = PBXBuildFile; fileRef = 7E1FA2192C3DC16D0014C33F /* TranscriptItemUtils.swift */; };
		7E2336EC2BFE7D7400E6C4B7 /* AWSClientTests.swift in Sources */ = {isa = PBXBuildFile; fileRef = 7E2336E22BFE7D7400E6C4B7 /* AWSClientTests.swift */; };
		7E2336ED2BFE7D7400E6C4B7 /* MockAWSClient.swift in Sources */ = {isa = PBXBuildFile; fileRef = 7E2336E32BFE7D7400E6C4B7 /* MockAWSClient.swift */; };
		7E2336EE2BFE7D7400E6C4B7 /* MockWebSocketManager.swift in Sources */ = {isa = PBXBuildFile; fileRef = 7E2336E42BFE7D7400E6C4B7 /* MockWebSocketManager.swift */; };
		7E2336EF2BFE7D7400E6C4B7 /* MockAWSConnectParticipant.swift in Sources */ = {isa = PBXBuildFile; fileRef = 7E2336E52BFE7D7400E6C4B7 /* MockAWSConnectParticipant.swift */; };
		7E2336F02BFE7D7400E6C4B7 /* MockConnectionDetailsProvider.swift in Sources */ = {isa = PBXBuildFile; fileRef = 7E2336E72BFE7D7400E6C4B7 /* MockConnectionDetailsProvider.swift */; };
		7E2336F12BFE7D7400E6C4B7 /* ChatSessionTests.swift in Sources */ = {isa = PBXBuildFile; fileRef = 7E2336E92BFE7D7400E6C4B7 /* ChatSessionTests.swift */; };
		7E2336F22BFE7D7400E6C4B7 /* ChatServiceTests.swift in Sources */ = {isa = PBXBuildFile; fileRef = 7E2336EA2BFE7D7400E6C4B7 /* ChatServiceTests.swift */; };
		7E2336F32BFE7D7400E6C4B7 /* MockChatService.swift in Sources */ = {isa = PBXBuildFile; fileRef = 7E2336EB2BFE7D7400E6C4B7 /* MockChatService.swift */; };
		7E44C5472C3EFAEA002F572F /* WebSocketErrorCodes.swift in Sources */ = {isa = PBXBuildFile; fileRef = 7E44C5462C3EFAEA002F572F /* WebSocketErrorCodes.swift */; };
		7E57F6522BC7758C00B25623 /* ConnectionDetails.swift in Sources */ = {isa = PBXBuildFile; fileRef = 7E57F6512BC7758C00B25623 /* ConnectionDetails.swift */; };
		7E57F6542BC7762900B25623 /* ConnectionDetailsProvider.swift in Sources */ = {isa = PBXBuildFile; fileRef = 7E57F6532BC7762900B25623 /* ConnectionDetailsProvider.swift */; };
		7E58A5D92BB5F3DA00965327 /* AmazonConnectChatIOS.docc in Sources */ = {isa = PBXBuildFile; fileRef = 7E58A5D82BB5F3DA00965327 /* AmazonConnectChatIOS.docc */; };
		7E58A5DF2BB5F3DA00965327 /* AmazonConnectChatIOS.framework in Frameworks */ = {isa = PBXBuildFile; fileRef = 7E58A5D42BB5F3DA00965327 /* AmazonConnectChatIOS.framework */; };
		7E58A5E52BB5F3DA00965327 /* AmazonConnectChatIOS.h in Headers */ = {isa = PBXBuildFile; fileRef = 7E58A5D72BB5F3DA00965327 /* AmazonConnectChatIOS.h */; settings = {ATTRIBUTES = (Public, ); }; };
		7E58A5F92BB605F300965327 /* TranscriptResponse.swift in Sources */ = {isa = PBXBuildFile; fileRef = 7E58A5F42BB605F300965327 /* TranscriptResponse.swift */; };
		7E58A5FC2BB605F300965327 /* MessageContent.swift in Sources */ = {isa = PBXBuildFile; fileRef = 7E58A5F72BB605F300965327 /* MessageContent.swift */; };
		7E58A5FD2BB605F300965327 /* Message.swift in Sources */ = {isa = PBXBuildFile; fileRef = 7E58A5F82BB605F300965327 /* Message.swift */; };
		7E58A5FF2BB6062300965327 /* ChatEvent.swift in Sources */ = {isa = PBXBuildFile; fileRef = 7E58A5FE2BB6062300965327 /* ChatEvent.swift */; };
		7E58A6092BBB460A00965327 /* DefaultHttpClient.swift in Sources */ = {isa = PBXBuildFile; fileRef = 7E58A6032BBB460900965327 /* DefaultHttpClient.swift */; };
		7E58A60A2BBB460A00965327 /* HttpMethod.swift in Sources */ = {isa = PBXBuildFile; fileRef = 7E58A6042BBB460900965327 /* HttpMethod.swift */; };
		7E58A60B2BBB460A00965327 /* HttpHeader.swift in Sources */ = {isa = PBXBuildFile; fileRef = 7E58A6052BBB460900965327 /* HttpHeader.swift */; };
		7E58A60C2BBB460A00965327 /* HttpClient.swift in Sources */ = {isa = PBXBuildFile; fileRef = 7E58A6062BBB460900965327 /* HttpClient.swift */; };
		7E58A60E2BBB460A00965327 /* CommonUtils.swift in Sources */ = {isa = PBXBuildFile; fileRef = 7E58A6082BBB460900965327 /* CommonUtils.swift */; };
		7E58A6112BBB484D00965327 /* SDKLoggerProtocol.swift in Sources */ = {isa = PBXBuildFile; fileRef = 7E58A6102BBB484D00965327 /* SDKLoggerProtocol.swift */; };
		7E58A6132BBB4B0200965327 /* SDKLogger.swift in Sources */ = {isa = PBXBuildFile; fileRef = 7E58A6122BBB4B0200965327 /* SDKLogger.swift */; };
		7E58A61E2BBDDADB00965327 /* ChatDetails.swift in Sources */ = {isa = PBXBuildFile; fileRef = 7E58A61D2BBDDADB00965327 /* ChatDetails.swift */; };
		7E58A6202BBDDB0900965327 /* GlobalConfig.swift in Sources */ = {isa = PBXBuildFile; fileRef = 7E58A61F2BBDDB0900965327 /* GlobalConfig.swift */; };
		7E58A6232BBDDBF900965327 /* ChatSession.swift in Sources */ = {isa = PBXBuildFile; fileRef = 7E58A6222BBDDBF900965327 /* ChatSession.swift */; };
		7E58A6272BBDDE4A00965327 /* AWSClient.swift in Sources */ = {isa = PBXBuildFile; fileRef = 7E58A6262BBDDE4A00965327 /* AWSClient.swift */; };
		7E58A6292BBE415700965327 /* ChatService.swift in Sources */ = {isa = PBXBuildFile; fileRef = 7E58A6282BBE415700965327 /* ChatService.swift */; };
		7E78DCFD2C3C93DB00D5351A /* AWSConnectParticipant in Frameworks */ = {isa = PBXBuildFile; productRef = 7E78DCFC2C3C93DB00D5351A /* AWSConnectParticipant */; };
		7E78DCFF2C3C93DB00D5351A /* AWSCore in Frameworks */ = {isa = PBXBuildFile; productRef = 7E78DCFE2C3C93DB00D5351A /* AWSCore */; };
		7E91597B2BC0A92E00821C05 /* Constants.swift in Sources */ = {isa = PBXBuildFile; fileRef = 7E91597A2BC0A92E00821C05 /* Constants.swift */; };
		7EC0A21B2BC79D7B00DB47F4 /* WebSocketManager.swift in Sources */ = {isa = PBXBuildFile; fileRef = 7EC0A21A2BC79D7A00DB47F4 /* WebSocketManager.swift */; };
		7ED5DEC22BEAF933001693FC /* TranscriptItem.swift in Sources */ = {isa = PBXBuildFile; fileRef = 7ED5DEC12BEAF933001693FC /* TranscriptItem.swift */; };
		7ED5DEC42BEAFD42001693FC /* Event.swift in Sources */ = {isa = PBXBuildFile; fileRef = 7ED5DEC32BEAFD42001693FC /* Event.swift */; };
		7ED5DEC62BEB38B8001693FC /* Metadata.swift in Sources */ = {isa = PBXBuildFile; fileRef = 7ED5DEC52BEB38B8001693FC /* Metadata.swift */; };
		7EF4384A2BFF056400E7F8E9 /* AWSConnectParticipantAdapter.swift in Sources */ = {isa = PBXBuildFile; fileRef = 7EF438492BFF056400E7F8E9 /* AWSConnectParticipantAdapter.swift */; };
		F747263E2BF4143D002B278E /* MetricsUtils.swift in Sources */ = {isa = PBXBuildFile; fileRef = F747263D2BF4143D002B278E /* MetricsUtils.swift */; };
		F74726442BF418F0002B278E /* MetricsClient.swift in Sources */ = {isa = PBXBuildFile; fileRef = F74726432BF418F0002B278E /* MetricsClient.swift */; };
		F74726472BF41948002B278E /* MetricsManager.swift in Sources */ = {isa = PBXBuildFile; fileRef = F74726462BF41948002B278E /* MetricsManager.swift */; };
		F74726522BF6F018002B278E /* Config.swift in Sources */ = {isa = PBXBuildFile; fileRef = F74726512BF6F018002B278E /* Config.swift */; };
		F76BB94D2C1898BE0005C3EC /* APIClient.swift in Sources */ = {isa = PBXBuildFile; fileRef = F76BB94C2C1898BE0005C3EC /* APIClient.swift */; };
		F76BB9532C18F84D0005C3EC /* MockAPIClient.swift in Sources */ = {isa = PBXBuildFile; fileRef = F76BB9522C18F84D0005C3EC /* MockAPIClient.swift */; };
		F76BB9562C1900480005C3EC /* APIClientTests.swift in Sources */ = {isa = PBXBuildFile; fileRef = F76BB9552C1900480005C3EC /* APIClientTests.swift */; };
		F76BB9722C2A48C10005C3EC /* MessageReceiptsManager.swift in Sources */ = {isa = PBXBuildFile; fileRef = F76BB9712C2A48C10005C3EC /* MessageReceiptsManager.swift */; };
		F76BB9742C2BA73E0005C3EC /* MessageReceiptsManagerTests.swift in Sources */ = {isa = PBXBuildFile; fileRef = F76BB9732C2BA73E0005C3EC /* MessageReceiptsManagerTests.swift */; };
		F76BB9762C2BFED80005C3EC /* MockMessageReceiptsManager.swift in Sources */ = {isa = PBXBuildFile; fileRef = F76BB9752C2BFED80005C3EC /* MockMessageReceiptsManager.swift */; };
		F7B0747C2BDB298400E8B805 /* HeartbeatManager.swift in Sources */ = {isa = PBXBuildFile; fileRef = F7B0747B2BDB298400E8B805 /* HeartbeatManager.swift */; };
		F7B0747F2BDB2A0700E8B805 /* Notifications.swift in Sources */ = {isa = PBXBuildFile; fileRef = F7B0747E2BDB2A0700E8B805 /* Notifications.swift */; };
		F7B074822BDB2D3A00E8B805 /* NetworkConnectionManager.swift in Sources */ = {isa = PBXBuildFile; fileRef = F7B074812BDB2D3A00E8B805 /* NetworkConnectionManager.swift */; };
		F7B4A1282C1157B0005C7921 /* AttachmentTypes.swift in Sources */ = {isa = PBXBuildFile; fileRef = F7B4A1272C1157B0005C7921 /* AttachmentTypes.swift */; };
		F7B4A1382C15649B005C7921 /* MockHttpClient.swift in Sources */ = {isa = PBXBuildFile; fileRef = F7B4A1372C15649B005C7921 /* MockHttpClient.swift */; };
		F7B4A13A2C17AE43005C7921 /* TestUtils.swift in Sources */ = {isa = PBXBuildFile; fileRef = F7B4A1392C17AE43005C7921 /* TestUtils.swift */; };
		F7B4A13C2C17E3C3005C7921 /* MockURLSession.swift in Sources */ = {isa = PBXBuildFile; fileRef = F7B4A13B2C17E3C3005C7921 /* MockURLSession.swift */; };
		F7BE6CC82C3E1CC500E7A88A /* WebSocketErrorCodes.swift in Sources */ = {isa = PBXBuildFile; fileRef = F7BE6CC72C3E1CC500E7A88A /* WebSocketErrorCodes.swift */; };
/* End PBXBuildFile section */

/* Begin PBXContainerItemProxy section */
		7E58A5E02BB5F3DA00965327 /* PBXContainerItemProxy */ = {
			isa = PBXContainerItemProxy;
			containerPortal = 7E58A5CB2BB5F3DA00965327 /* Project object */;
			proxyType = 1;
			remoteGlobalIDString = 7E58A5D32BB5F3DA00965327;
			remoteInfo = AmazonConnectChatIOS;
		};
/* End PBXContainerItemProxy section */

/* Begin PBXFileReference section */
		7E1FA2192C3DC16D0014C33F /* TranscriptItemUtils.swift */ = {isa = PBXFileReference; lastKnownFileType = sourcecode.swift; path = TranscriptItemUtils.swift; sourceTree = "<group>"; };
		7E2336E22BFE7D7400E6C4B7 /* AWSClientTests.swift */ = {isa = PBXFileReference; fileEncoding = 4; lastKnownFileType = sourcecode.swift; path = AWSClientTests.swift; sourceTree = "<group>"; };
		7E2336E32BFE7D7400E6C4B7 /* MockAWSClient.swift */ = {isa = PBXFileReference; fileEncoding = 4; lastKnownFileType = sourcecode.swift; path = MockAWSClient.swift; sourceTree = "<group>"; };
		7E2336E42BFE7D7400E6C4B7 /* MockWebSocketManager.swift */ = {isa = PBXFileReference; fileEncoding = 4; lastKnownFileType = sourcecode.swift; path = MockWebSocketManager.swift; sourceTree = "<group>"; };
		7E2336E52BFE7D7400E6C4B7 /* MockAWSConnectParticipant.swift */ = {isa = PBXFileReference; fileEncoding = 4; lastKnownFileType = sourcecode.swift; path = MockAWSConnectParticipant.swift; sourceTree = "<group>"; };
		7E2336E72BFE7D7400E6C4B7 /* MockConnectionDetailsProvider.swift */ = {isa = PBXFileReference; fileEncoding = 4; lastKnownFileType = sourcecode.swift; path = MockConnectionDetailsProvider.swift; sourceTree = "<group>"; };
		7E2336E92BFE7D7400E6C4B7 /* ChatSessionTests.swift */ = {isa = PBXFileReference; fileEncoding = 4; lastKnownFileType = sourcecode.swift; path = ChatSessionTests.swift; sourceTree = "<group>"; };
		7E2336EA2BFE7D7400E6C4B7 /* ChatServiceTests.swift */ = {isa = PBXFileReference; fileEncoding = 4; lastKnownFileType = sourcecode.swift; path = ChatServiceTests.swift; sourceTree = "<group>"; };
		7E2336EB2BFE7D7400E6C4B7 /* MockChatService.swift */ = {isa = PBXFileReference; fileEncoding = 4; lastKnownFileType = sourcecode.swift; path = MockChatService.swift; sourceTree = "<group>"; };
		7E44C5462C3EFAEA002F572F /* WebSocketErrorCodes.swift */ = {isa = PBXFileReference; lastKnownFileType = sourcecode.swift; path = WebSocketErrorCodes.swift; sourceTree = "<group>"; };
		7E57F6512BC7758C00B25623 /* ConnectionDetails.swift */ = {isa = PBXFileReference; lastKnownFileType = sourcecode.swift; path = ConnectionDetails.swift; sourceTree = "<group>"; };
		7E57F6532BC7762900B25623 /* ConnectionDetailsProvider.swift */ = {isa = PBXFileReference; lastKnownFileType = sourcecode.swift; path = ConnectionDetailsProvider.swift; sourceTree = "<group>"; };
		7E58A5D42BB5F3DA00965327 /* AmazonConnectChatIOS.framework */ = {isa = PBXFileReference; explicitFileType = wrapper.framework; includeInIndex = 0; path = AmazonConnectChatIOS.framework; sourceTree = BUILT_PRODUCTS_DIR; };
		7E58A5D72BB5F3DA00965327 /* AmazonConnectChatIOS.h */ = {isa = PBXFileReference; lastKnownFileType = sourcecode.c.h; path = AmazonConnectChatIOS.h; sourceTree = "<group>"; };
		7E58A5D82BB5F3DA00965327 /* AmazonConnectChatIOS.docc */ = {isa = PBXFileReference; lastKnownFileType = folder.documentationcatalog; path = AmazonConnectChatIOS.docc; sourceTree = "<group>"; };
		7E58A5DE2BB5F3DA00965327 /* AmazonConnectChatIOSTests.xctest */ = {isa = PBXFileReference; explicitFileType = wrapper.cfbundle; includeInIndex = 0; path = AmazonConnectChatIOSTests.xctest; sourceTree = BUILT_PRODUCTS_DIR; };
		7E58A5F42BB605F300965327 /* TranscriptResponse.swift */ = {isa = PBXFileReference; fileEncoding = 4; lastKnownFileType = sourcecode.swift; path = TranscriptResponse.swift; sourceTree = "<group>"; };
		7E58A5F72BB605F300965327 /* MessageContent.swift */ = {isa = PBXFileReference; fileEncoding = 4; lastKnownFileType = sourcecode.swift; path = MessageContent.swift; sourceTree = "<group>"; };
		7E58A5F82BB605F300965327 /* Message.swift */ = {isa = PBXFileReference; fileEncoding = 4; lastKnownFileType = sourcecode.swift; path = Message.swift; sourceTree = "<group>"; };
		7E58A5FE2BB6062300965327 /* ChatEvent.swift */ = {isa = PBXFileReference; fileEncoding = 4; lastKnownFileType = sourcecode.swift; path = ChatEvent.swift; sourceTree = "<group>"; };
		7E58A6032BBB460900965327 /* DefaultHttpClient.swift */ = {isa = PBXFileReference; fileEncoding = 4; lastKnownFileType = sourcecode.swift; path = DefaultHttpClient.swift; sourceTree = "<group>"; };
		7E58A6042BBB460900965327 /* HttpMethod.swift */ = {isa = PBXFileReference; fileEncoding = 4; lastKnownFileType = sourcecode.swift; path = HttpMethod.swift; sourceTree = "<group>"; };
		7E58A6052BBB460900965327 /* HttpHeader.swift */ = {isa = PBXFileReference; fileEncoding = 4; lastKnownFileType = sourcecode.swift; path = HttpHeader.swift; sourceTree = "<group>"; };
		7E58A6062BBB460900965327 /* HttpClient.swift */ = {isa = PBXFileReference; fileEncoding = 4; lastKnownFileType = sourcecode.swift; path = HttpClient.swift; sourceTree = "<group>"; };
		7E58A6082BBB460900965327 /* CommonUtils.swift */ = {isa = PBXFileReference; fileEncoding = 4; lastKnownFileType = sourcecode.swift; path = CommonUtils.swift; sourceTree = "<group>"; };
		7E58A6102BBB484D00965327 /* SDKLoggerProtocol.swift */ = {isa = PBXFileReference; lastKnownFileType = sourcecode.swift; path = SDKLoggerProtocol.swift; sourceTree = "<group>"; };
		7E58A6122BBB4B0200965327 /* SDKLogger.swift */ = {isa = PBXFileReference; lastKnownFileType = sourcecode.swift; path = SDKLogger.swift; sourceTree = "<group>"; };
		7E58A61D2BBDDADB00965327 /* ChatDetails.swift */ = {isa = PBXFileReference; lastKnownFileType = sourcecode.swift; path = ChatDetails.swift; sourceTree = "<group>"; };
		7E58A61F2BBDDB0900965327 /* GlobalConfig.swift */ = {isa = PBXFileReference; lastKnownFileType = sourcecode.swift; path = GlobalConfig.swift; sourceTree = "<group>"; };
		7E58A6222BBDDBF900965327 /* ChatSession.swift */ = {isa = PBXFileReference; lastKnownFileType = sourcecode.swift; path = ChatSession.swift; sourceTree = "<group>"; };
		7E58A6262BBDDE4A00965327 /* AWSClient.swift */ = {isa = PBXFileReference; lastKnownFileType = sourcecode.swift; path = AWSClient.swift; sourceTree = "<group>"; };
		7E58A6282BBE415700965327 /* ChatService.swift */ = {isa = PBXFileReference; lastKnownFileType = sourcecode.swift; path = ChatService.swift; sourceTree = "<group>"; };
		7E91597A2BC0A92E00821C05 /* Constants.swift */ = {isa = PBXFileReference; lastKnownFileType = sourcecode.swift; path = Constants.swift; sourceTree = "<group>"; };
		7EC0A21A2BC79D7A00DB47F4 /* WebSocketManager.swift */ = {isa = PBXFileReference; fileEncoding = 4; lastKnownFileType = sourcecode.swift; path = WebSocketManager.swift; sourceTree = "<group>"; };
		7ED5DEC12BEAF933001693FC /* TranscriptItem.swift */ = {isa = PBXFileReference; lastKnownFileType = sourcecode.swift; path = TranscriptItem.swift; sourceTree = "<group>"; };
		7ED5DEC32BEAFD42001693FC /* Event.swift */ = {isa = PBXFileReference; lastKnownFileType = sourcecode.swift; path = Event.swift; sourceTree = "<group>"; };
		7ED5DEC52BEB38B8001693FC /* Metadata.swift */ = {isa = PBXFileReference; lastKnownFileType = sourcecode.swift; path = Metadata.swift; sourceTree = "<group>"; };
		7EF438492BFF056400E7F8E9 /* AWSConnectParticipantAdapter.swift */ = {isa = PBXFileReference; lastKnownFileType = sourcecode.swift; path = AWSConnectParticipantAdapter.swift; sourceTree = "<group>"; };
		F747263D2BF4143D002B278E /* MetricsUtils.swift */ = {isa = PBXFileReference; lastKnownFileType = sourcecode.swift; path = MetricsUtils.swift; sourceTree = "<group>"; };
		F74726432BF418F0002B278E /* MetricsClient.swift */ = {isa = PBXFileReference; lastKnownFileType = sourcecode.swift; path = MetricsClient.swift; sourceTree = "<group>"; };
		F74726462BF41948002B278E /* MetricsManager.swift */ = {isa = PBXFileReference; lastKnownFileType = sourcecode.swift; path = MetricsManager.swift; sourceTree = "<group>"; };
		F74726512BF6F018002B278E /* Config.swift */ = {isa = PBXFileReference; fileEncoding = 4; lastKnownFileType = sourcecode.swift; path = Config.swift; sourceTree = "<group>"; };
		F76BB94C2C1898BE0005C3EC /* APIClient.swift */ = {isa = PBXFileReference; lastKnownFileType = sourcecode.swift; path = APIClient.swift; sourceTree = "<group>"; };
		F76BB9522C18F84D0005C3EC /* MockAPIClient.swift */ = {isa = PBXFileReference; lastKnownFileType = sourcecode.swift; path = MockAPIClient.swift; sourceTree = "<group>"; };
		F76BB9552C1900480005C3EC /* APIClientTests.swift */ = {isa = PBXFileReference; lastKnownFileType = sourcecode.swift; path = APIClientTests.swift; sourceTree = "<group>"; };
		F76BB9712C2A48C10005C3EC /* MessageReceiptsManager.swift */ = {isa = PBXFileReference; lastKnownFileType = sourcecode.swift; path = MessageReceiptsManager.swift; sourceTree = "<group>"; };
		F76BB9732C2BA73E0005C3EC /* MessageReceiptsManagerTests.swift */ = {isa = PBXFileReference; lastKnownFileType = sourcecode.swift; path = MessageReceiptsManagerTests.swift; sourceTree = "<group>"; };
		F76BB9752C2BFED80005C3EC /* MockMessageReceiptsManager.swift */ = {isa = PBXFileReference; lastKnownFileType = sourcecode.swift; path = MockMessageReceiptsManager.swift; sourceTree = "<group>"; };
		F7B0747B2BDB298400E8B805 /* HeartbeatManager.swift */ = {isa = PBXFileReference; lastKnownFileType = sourcecode.swift; path = HeartbeatManager.swift; sourceTree = "<group>"; };
		F7B0747E2BDB2A0700E8B805 /* Notifications.swift */ = {isa = PBXFileReference; lastKnownFileType = sourcecode.swift; path = Notifications.swift; sourceTree = "<group>"; };
		F7B074812BDB2D3A00E8B805 /* NetworkConnectionManager.swift */ = {isa = PBXFileReference; lastKnownFileType = sourcecode.swift; path = NetworkConnectionManager.swift; sourceTree = "<group>"; };
		F7B4A1272C1157B0005C7921 /* AttachmentTypes.swift */ = {isa = PBXFileReference; lastKnownFileType = sourcecode.swift; path = AttachmentTypes.swift; sourceTree = "<group>"; };
		F7B4A1372C15649B005C7921 /* MockHttpClient.swift */ = {isa = PBXFileReference; lastKnownFileType = sourcecode.swift; path = MockHttpClient.swift; sourceTree = "<group>"; };
		F7B4A1392C17AE43005C7921 /* TestUtils.swift */ = {isa = PBXFileReference; lastKnownFileType = sourcecode.swift; path = TestUtils.swift; sourceTree = "<group>"; };
		F7B4A13B2C17E3C3005C7921 /* MockURLSession.swift */ = {isa = PBXFileReference; lastKnownFileType = sourcecode.swift; path = MockURLSession.swift; sourceTree = "<group>"; };
/* End PBXFileReference section */

/* Begin PBXFrameworksBuildPhase section */
		7E58A5D12BB5F3DA00965327 /* Frameworks */ = {
			isa = PBXFrameworksBuildPhase;
			buildActionMask = 2147483647;
			files = (
				7E78DCFD2C3C93DB00D5351A /* AWSConnectParticipant in Frameworks */,
				7E78DCFF2C3C93DB00D5351A /* AWSCore in Frameworks */,
			);
			runOnlyForDeploymentPostprocessing = 0;
		};
		7E58A5DB2BB5F3DA00965327 /* Frameworks */ = {
			isa = PBXFrameworksBuildPhase;
			buildActionMask = 2147483647;
			files = (
				7E58A5DF2BB5F3DA00965327 /* AmazonConnectChatIOS.framework in Frameworks */,
			);
			runOnlyForDeploymentPostprocessing = 0;
		};
/* End PBXFrameworksBuildPhase section */

/* Begin PBXGroup section */
		7E2336DF2BFE7D7400E6C4B7 /* AmazonConnectChatIOSTests */ = {
			isa = PBXGroup;
			children = (
				7E2336E02BFE7D7400E6C4B7 /* Core */,
			);
			path = AmazonConnectChatIOSTests;
			sourceTree = "<group>";
		};
		7E2336E02BFE7D7400E6C4B7 /* Core */ = {
			isa = PBXGroup;
			children = (
				7E2336E12BFE7D7400E6C4B7 /* Network */,
				7E2336E62BFE7D7400E6C4B7 /* utils */,
				7E2336E82BFE7D7400E6C4B7 /* Service */,
			);
			path = Core;
			sourceTree = "<group>";
		};
		7E2336E12BFE7D7400E6C4B7 /* Network */ = {
			isa = PBXGroup;
			children = (
				F76BB9542C19000F0005C3EC /* Mocks */,
				7E2336E22BFE7D7400E6C4B7 /* AWSClientTests.swift */,
				F76BB9552C1900480005C3EC /* APIClientTests.swift */,
				F76BB9732C2BA73E0005C3EC /* MessageReceiptsManagerTests.swift */,
			);
			path = Network;
			sourceTree = "<group>";
		};
		7E2336E62BFE7D7400E6C4B7 /* utils */ = {
			isa = PBXGroup;
			children = (
				7E2336E72BFE7D7400E6C4B7 /* MockConnectionDetailsProvider.swift */,
				F7B4A1392C17AE43005C7921 /* TestUtils.swift */,
			);
			path = utils;
			sourceTree = "<group>";
		};
		7E2336E82BFE7D7400E6C4B7 /* Service */ = {
			isa = PBXGroup;
			children = (
				7E2336E92BFE7D7400E6C4B7 /* ChatSessionTests.swift */,
				7E2336EA2BFE7D7400E6C4B7 /* ChatServiceTests.swift */,
				7E2336EB2BFE7D7400E6C4B7 /* MockChatService.swift */,
			);
			path = Service;
			sourceTree = "<group>";
		};
		7E58A5CA2BB5F3DA00965327 = {
			isa = PBXGroup;
			children = (
				7E58A5EE2BB5F71500965327 /* Sources */,
				7E2336DF2BFE7D7400E6C4B7 /* AmazonConnectChatIOSTests */,
				7E58A5D62BB5F3DA00965327 /* AmazonConnectChatIOS */,
				7E58A5D52BB5F3DA00965327 /* Products */,
				CEF3CE9601EA9949A24C2DCD /* Pods */,
			);
			sourceTree = "<group>";
		};
		7E58A5D52BB5F3DA00965327 /* Products */ = {
			isa = PBXGroup;
			children = (
				7E58A5D42BB5F3DA00965327 /* AmazonConnectChatIOS.framework */,
				7E58A5DE2BB5F3DA00965327 /* AmazonConnectChatIOSTests.xctest */,
			);
			name = Products;
			sourceTree = "<group>";
		};
		7E58A5D62BB5F3DA00965327 /* AmazonConnectChatIOS */ = {
			isa = PBXGroup;
			children = (
				7E58A5D72BB5F3DA00965327 /* AmazonConnectChatIOS.h */,
				7E58A5D82BB5F3DA00965327 /* AmazonConnectChatIOS.docc */,
			);
			path = AmazonConnectChatIOS;
			sourceTree = "<group>";
		};
		7E58A5EE2BB5F71500965327 /* Sources */ = {
			isa = PBXGroup;
			children = (
				7E58A5EF2BB5F71E00965327 /* Core */,
			);
			path = Sources;
			sourceTree = "<group>";
		};
		7E58A5EF2BB5F71E00965327 /* Core */ = {
			isa = PBXGroup;
			children = (
				7E58A6212BBDDBE800965327 /* Service */,
				7E58A5F32BB604B700965327 /* Utils */,
				7E58A5F22BB604B200965327 /* Network */,
				7E58A5F02BB604A200965327 /* Models */,
			);
			path = Core;
			sourceTree = "<group>";
		};
		7E58A5F02BB604A200965327 /* Models */ = {
			isa = PBXGroup;
			children = (
				7E58A5F82BB605F300965327 /* Message.swift */,
				7E58A5FE2BB6062300965327 /* ChatEvent.swift */,
				7E58A5F72BB605F300965327 /* MessageContent.swift */,
				7E58A5F42BB605F300965327 /* TranscriptResponse.swift */,
				7E58A61D2BBDDADB00965327 /* ChatDetails.swift */,
				7E58A61F2BBDDB0900965327 /* GlobalConfig.swift */,
				7E57F6512BC7758C00B25623 /* ConnectionDetails.swift */,
				F7B0747E2BDB2A0700E8B805 /* Notifications.swift */,
				7ED5DEC12BEAF933001693FC /* TranscriptItem.swift */,
				7ED5DEC32BEAFD42001693FC /* Event.swift */,
				7ED5DEC52BEB38B8001693FC /* Metadata.swift */,
				F7B4A1272C1157B0005C7921 /* AttachmentTypes.swift */,
				7E44C5462C3EFAEA002F572F /* WebSocketErrorCodes.swift */,
			);
			path = Models;
			sourceTree = "<group>";
		};
		7E58A5F22BB604B200965327 /* Network */ = {
			isa = PBXGroup;
			children = (
				7EC0A21A2BC79D7A00DB47F4 /* WebSocketManager.swift */,
				7E58A6262BBDDE4A00965327 /* AWSClient.swift */,
				F7B0747B2BDB298400E8B805 /* HeartbeatManager.swift */,
				F7B074812BDB2D3A00E8B805 /* NetworkConnectionManager.swift */,
				F74726432BF418F0002B278E /* MetricsClient.swift */,
				F74726462BF41948002B278E /* MetricsManager.swift */,
				7EF438492BFF056400E7F8E9 /* AWSConnectParticipantAdapter.swift */,
				F76BB94C2C1898BE0005C3EC /* APIClient.swift */,
				F76BB9712C2A48C10005C3EC /* MessageReceiptsManager.swift */,
			);
			path = Network;
			sourceTree = "<group>";
		};
		7E58A5F32BB604B700965327 /* Utils */ = {
			isa = PBXGroup;
			children = (
				7E57F6532BC7762900B25623 /* ConnectionDetailsProvider.swift */,
				7E58A6152BBB6D6300965327 /* HttpClient */,
				7E58A60F2BBB483C00965327 /* Logger */,
				7E58A6082BBB460900965327 /* CommonUtils.swift */,
				7E91597A2BC0A92E00821C05 /* Constants.swift */,
				F747263D2BF4143D002B278E /* MetricsUtils.swift */,
				F74726512BF6F018002B278E /* Config.swift */,
				7E1FA2192C3DC16D0014C33F /* TranscriptItemUtils.swift */,
			);
			path = Utils;
			sourceTree = "<group>";
		};
		7E58A60F2BBB483C00965327 /* Logger */ = {
			isa = PBXGroup;
			children = (
				7E58A6102BBB484D00965327 /* SDKLoggerProtocol.swift */,
				7E58A6122BBB4B0200965327 /* SDKLogger.swift */,
			);
			path = Logger;
			sourceTree = "<group>";
		};
		7E58A6152BBB6D6300965327 /* HttpClient */ = {
			isa = PBXGroup;
			children = (
				7E58A6032BBB460900965327 /* DefaultHttpClient.swift */,
				7E58A6042BBB460900965327 /* HttpMethod.swift */,
				7E58A6052BBB460900965327 /* HttpHeader.swift */,
				7E58A6062BBB460900965327 /* HttpClient.swift */,
			);
			path = HttpClient;
			sourceTree = "<group>";
		};
		7E58A6212BBDDBE800965327 /* Service */ = {
			isa = PBXGroup;
			children = (
				7E58A6222BBDDBF900965327 /* ChatSession.swift */,
				7E58A6282BBE415700965327 /* ChatService.swift */,
			);
			path = Service;
			sourceTree = "<group>";
		};
		CEF3CE9601EA9949A24C2DCD /* Pods */ = {
			isa = PBXGroup;
			children = (
			);
			path = Pods;
			sourceTree = "<group>";
		};
		F76BB9542C19000F0005C3EC /* Mocks */ = {
			isa = PBXGroup;
			children = (
				7E2336E52BFE7D7400E6C4B7 /* MockAWSConnectParticipant.swift */,
				7E2336E42BFE7D7400E6C4B7 /* MockWebSocketManager.swift */,
				7E2336E32BFE7D7400E6C4B7 /* MockAWSClient.swift */,
				F76BB9522C18F84D0005C3EC /* MockAPIClient.swift */,
				F7B4A1372C15649B005C7921 /* MockHttpClient.swift */,
				F7B4A13B2C17E3C3005C7921 /* MockURLSession.swift */,
				F76BB9752C2BFED80005C3EC /* MockMessageReceiptsManager.swift */,
			);
			path = Mocks;
			sourceTree = "<group>";
		};
/* End PBXGroup section */

/* Begin PBXHeadersBuildPhase section */
		7E58A5CF2BB5F3DA00965327 /* Headers */ = {
			isa = PBXHeadersBuildPhase;
			buildActionMask = 2147483647;
			files = (
				7E58A5E52BB5F3DA00965327 /* AmazonConnectChatIOS.h in Headers */,
			);
			runOnlyForDeploymentPostprocessing = 0;
		};
/* End PBXHeadersBuildPhase section */

/* Begin PBXNativeTarget section */
		7E58A5D32BB5F3DA00965327 /* AmazonConnectChatIOS */ = {
			isa = PBXNativeTarget;
			buildConfigurationList = 7E58A5E82BB5F3DA00965327 /* Build configuration list for PBXNativeTarget "AmazonConnectChatIOS" */;
			buildPhases = (
				7E58A5CF2BB5F3DA00965327 /* Headers */,
				7E58A5D02BB5F3DA00965327 /* Sources */,
				7E58A5D12BB5F3DA00965327 /* Frameworks */,
				7E58A5D22BB5F3DA00965327 /* Resources */,
			);
			buildRules = (
			);
			dependencies = (
			);
			name = AmazonConnectChatIOS;
			packageProductDependencies = (
				7E78DCFC2C3C93DB00D5351A /* AWSConnectParticipant */,
				7E78DCFE2C3C93DB00D5351A /* AWSCore */,
			);
			productName = AmazonConnectChatIOS;
			productReference = 7E58A5D42BB5F3DA00965327 /* AmazonConnectChatIOS.framework */;
			productType = "com.apple.product-type.framework";
		};
		7E58A5DD2BB5F3DA00965327 /* AmazonConnectChatIOSTests */ = {
			isa = PBXNativeTarget;
			buildConfigurationList = 7E58A5EB2BB5F3DA00965327 /* Build configuration list for PBXNativeTarget "AmazonConnectChatIOSTests" */;
			buildPhases = (
				7E58A5DA2BB5F3DA00965327 /* Sources */,
				7E58A5DB2BB5F3DA00965327 /* Frameworks */,
				7E58A5DC2BB5F3DA00965327 /* Resources */,
			);
			buildRules = (
			);
			dependencies = (
				7E58A5E12BB5F3DA00965327 /* PBXTargetDependency */,
			);
			name = AmazonConnectChatIOSTests;
			productName = AmazonConnectChatIOSTests;
			productReference = 7E58A5DE2BB5F3DA00965327 /* AmazonConnectChatIOSTests.xctest */;
			productType = "com.apple.product-type.bundle.unit-test";
		};
/* End PBXNativeTarget section */

/* Begin PBXProject section */
		7E58A5CB2BB5F3DA00965327 /* Project object */ = {
			isa = PBXProject;
			attributes = {
				BuildIndependentTargetsInParallel = 1;
				LastSwiftUpdateCheck = 1510;
				LastUpgradeCheck = 1510;
				TargetAttributes = {
					7E58A5D32BB5F3DA00965327 = {
						CreatedOnToolsVersion = 15.1;
					};
					7E58A5DD2BB5F3DA00965327 = {
						CreatedOnToolsVersion = 15.1;
					};
				};
			};
			buildConfigurationList = 7E58A5CE2BB5F3DA00965327 /* Build configuration list for PBXProject "AmazonConnectChatIOS" */;
			compatibilityVersion = "Xcode 14.0";
			developmentRegion = en;
			hasScannedForEncodings = 0;
			knownRegions = (
				en,
				Base,
			);
			mainGroup = 7E58A5CA2BB5F3DA00965327;
			packageReferences = (
				7E78DCFB2C3C93DB00D5351A /* XCRemoteSwiftPackageReference "aws-sdk-ios-spm" */,
			);
			productRefGroup = 7E58A5D52BB5F3DA00965327 /* Products */;
			projectDirPath = "";
			projectRoot = "";
			targets = (
				7E58A5D32BB5F3DA00965327 /* AmazonConnectChatIOS */,
				7E58A5DD2BB5F3DA00965327 /* AmazonConnectChatIOSTests */,
			);
		};
/* End PBXProject section */

/* Begin PBXResourcesBuildPhase section */
		7E58A5D22BB5F3DA00965327 /* Resources */ = {
			isa = PBXResourcesBuildPhase;
			buildActionMask = 2147483647;
			files = (
			);
			runOnlyForDeploymentPostprocessing = 0;
		};
		7E58A5DC2BB5F3DA00965327 /* Resources */ = {
			isa = PBXResourcesBuildPhase;
			buildActionMask = 2147483647;
			files = (
			);
			runOnlyForDeploymentPostprocessing = 0;
		};
/* End PBXResourcesBuildPhase section */

/* Begin PBXSourcesBuildPhase section */
		7E58A5D02BB5F3DA00965327 /* Sources */ = {
			isa = PBXSourcesBuildPhase;
			buildActionMask = 2147483647;
			files = (
				7E44C5472C3EFAEA002F572F /* WebSocketErrorCodes.swift in Sources */,
				7E57F6522BC7758C00B25623 /* ConnectionDetails.swift in Sources */,
				F76BB94D2C1898BE0005C3EC /* APIClient.swift in Sources */,
				7E58A6092BBB460A00965327 /* DefaultHttpClient.swift in Sources */,
				F74726522BF6F018002B278E /* Config.swift in Sources */,
				7E91597B2BC0A92E00821C05 /* Constants.swift in Sources */,
				7E58A5F92BB605F300965327 /* TranscriptResponse.swift in Sources */,
				7E58A6232BBDDBF900965327 /* ChatSession.swift in Sources */,
				7E58A6272BBDDE4A00965327 /* AWSClient.swift in Sources */,
				7E58A5FC2BB605F300965327 /* MessageContent.swift in Sources */,
				7E57F6542BC7762900B25623 /* ConnectionDetailsProvider.swift in Sources */,
				7E58A6292BBE415700965327 /* ChatService.swift in Sources */,
				F7BE6CC82C3E1CC500E7A88A /* WebSocketErrorCodes.swift in Sources */,
				7E58A60E2BBB460A00965327 /* CommonUtils.swift in Sources */,
				7ED5DEC42BEAFD42001693FC /* Event.swift in Sources */,
				7E58A60A2BBB460A00965327 /* HttpMethod.swift in Sources */,
				F7B0747C2BDB298400E8B805 /* HeartbeatManager.swift in Sources */,
				F76BB9722C2A48C10005C3EC /* MessageReceiptsManager.swift in Sources */,
				7ED5DEC22BEAF933001693FC /* TranscriptItem.swift in Sources */,
				F7B4A1282C1157B0005C7921 /* AttachmentTypes.swift in Sources */,
				7E1FA21A2C3DC16D0014C33F /* TranscriptItemUtils.swift in Sources */,
				7ED5DEC62BEB38B8001693FC /* Metadata.swift in Sources */,
				7E58A6112BBB484D00965327 /* SDKLoggerProtocol.swift in Sources */,
				7E58A60C2BBB460A00965327 /* HttpClient.swift in Sources */,
				F7B0747F2BDB2A0700E8B805 /* Notifications.swift in Sources */,
				F7B074822BDB2D3A00E8B805 /* NetworkConnectionManager.swift in Sources */,
				7E58A60B2BBB460A00965327 /* HttpHeader.swift in Sources */,
				7E58A5FD2BB605F300965327 /* Message.swift in Sources */,
				7E58A5D92BB5F3DA00965327 /* AmazonConnectChatIOS.docc in Sources */,
				7E58A6202BBDDB0900965327 /* GlobalConfig.swift in Sources */,
				7E58A6132BBB4B0200965327 /* SDKLogger.swift in Sources */,
				7EC0A21B2BC79D7B00DB47F4 /* WebSocketManager.swift in Sources */,
				7EF4384A2BFF056400E7F8E9 /* AWSConnectParticipantAdapter.swift in Sources */,
				F747263E2BF4143D002B278E /* MetricsUtils.swift in Sources */,
				7E58A61E2BBDDADB00965327 /* ChatDetails.swift in Sources */,
				F74726472BF41948002B278E /* MetricsManager.swift in Sources */,
				F74726442BF418F0002B278E /* MetricsClient.swift in Sources */,
				7E58A5FF2BB6062300965327 /* ChatEvent.swift in Sources */,
			);
			runOnlyForDeploymentPostprocessing = 0;
		};
		7E58A5DA2BB5F3DA00965327 /* Sources */ = {
			isa = PBXSourcesBuildPhase;
			buildActionMask = 2147483647;
			files = (
				F7B4A13C2C17E3C3005C7921 /* MockURLSession.swift in Sources */,
				F76BB9532C18F84D0005C3EC /* MockAPIClient.swift in Sources */,
				F76BB9762C2BFED80005C3EC /* MockMessageReceiptsManager.swift in Sources */,
				F76BB9562C1900480005C3EC /* APIClientTests.swift in Sources */,
				F7B4A13A2C17AE43005C7921 /* TestUtils.swift in Sources */,
				7E2336EF2BFE7D7400E6C4B7 /* MockAWSConnectParticipant.swift in Sources */,
				7E2336F22BFE7D7400E6C4B7 /* ChatServiceTests.swift in Sources */,
				7E2336F32BFE7D7400E6C4B7 /* MockChatService.swift in Sources */,
				7E2336EE2BFE7D7400E6C4B7 /* MockWebSocketManager.swift in Sources */,
				7E2336EC2BFE7D7400E6C4B7 /* AWSClientTests.swift in Sources */,
				F76BB9742C2BA73E0005C3EC /* MessageReceiptsManagerTests.swift in Sources */,
				7E2336F12BFE7D7400E6C4B7 /* ChatSessionTests.swift in Sources */,
				7E2336F02BFE7D7400E6C4B7 /* MockConnectionDetailsProvider.swift in Sources */,
				F7B4A1382C15649B005C7921 /* MockHttpClient.swift in Sources */,
				7E2336ED2BFE7D7400E6C4B7 /* MockAWSClient.swift in Sources */,
			);
			runOnlyForDeploymentPostprocessing = 0;
		};
/* End PBXSourcesBuildPhase section */

/* Begin PBXTargetDependency section */
		7E58A5E12BB5F3DA00965327 /* PBXTargetDependency */ = {
			isa = PBXTargetDependency;
			target = 7E58A5D32BB5F3DA00965327 /* AmazonConnectChatIOS */;
			targetProxy = 7E58A5E02BB5F3DA00965327 /* PBXContainerItemProxy */;
		};
/* End PBXTargetDependency section */

/* Begin XCBuildConfiguration section */
		7E58A5E62BB5F3DA00965327 /* Debug */ = {
			isa = XCBuildConfiguration;
			buildSettings = {
				ALWAYS_SEARCH_USER_PATHS = NO;
				ASSETCATALOG_COMPILER_GENERATE_SWIFT_ASSET_SYMBOL_EXTENSIONS = YES;
				CLANG_ANALYZER_NONNULL = YES;
				CLANG_ANALYZER_NUMBER_OBJECT_CONVERSION = YES_AGGRESSIVE;
				CLANG_CXX_LANGUAGE_STANDARD = "gnu++20";
				CLANG_ENABLE_MODULES = YES;
				CLANG_ENABLE_OBJC_ARC = YES;
				CLANG_ENABLE_OBJC_WEAK = YES;
				CLANG_WARN_BLOCK_CAPTURE_AUTORELEASING = YES;
				CLANG_WARN_BOOL_CONVERSION = YES;
				CLANG_WARN_COMMA = YES;
				CLANG_WARN_CONSTANT_CONVERSION = YES;
				CLANG_WARN_DEPRECATED_OBJC_IMPLEMENTATIONS = YES;
				CLANG_WARN_DIRECT_OBJC_ISA_USAGE = YES_ERROR;
				CLANG_WARN_DOCUMENTATION_COMMENTS = YES;
				CLANG_WARN_EMPTY_BODY = YES;
				CLANG_WARN_ENUM_CONVERSION = YES;
				CLANG_WARN_INFINITE_RECURSION = YES;
				CLANG_WARN_INT_CONVERSION = YES;
				CLANG_WARN_NON_LITERAL_NULL_CONVERSION = YES;
				CLANG_WARN_OBJC_IMPLICIT_RETAIN_SELF = YES;
				CLANG_WARN_OBJC_LITERAL_CONVERSION = YES;
				CLANG_WARN_OBJC_ROOT_CLASS = YES_ERROR;
				CLANG_WARN_QUOTED_INCLUDE_IN_FRAMEWORK_HEADER = YES;
				CLANG_WARN_RANGE_LOOP_ANALYSIS = YES;
				CLANG_WARN_STRICT_PROTOTYPES = YES;
				CLANG_WARN_SUSPICIOUS_MOVE = YES;
				CLANG_WARN_UNGUARDED_AVAILABILITY = YES_AGGRESSIVE;
				CLANG_WARN_UNREACHABLE_CODE = YES;
				CLANG_WARN__DUPLICATE_METHOD_MATCH = YES;
				COPY_PHASE_STRIP = NO;
				CURRENT_PROJECT_VERSION = 1;
				DEBUG_INFORMATION_FORMAT = dwarf;
				ENABLE_STRICT_OBJC_MSGSEND = YES;
				ENABLE_TESTABILITY = YES;
				ENABLE_USER_SCRIPT_SANDBOXING = YES;
				GCC_C_LANGUAGE_STANDARD = gnu17;
				GCC_DYNAMIC_NO_PIC = NO;
				GCC_NO_COMMON_BLOCKS = YES;
				GCC_OPTIMIZATION_LEVEL = 0;
				GCC_PREPROCESSOR_DEFINITIONS = (
					"DEBUG=1",
					"$(inherited)",
				);
				GCC_WARN_64_TO_32_BIT_CONVERSION = YES;
				GCC_WARN_ABOUT_RETURN_TYPE = YES_ERROR;
				GCC_WARN_UNDECLARED_SELECTOR = YES;
				GCC_WARN_UNINITIALIZED_AUTOS = YES_AGGRESSIVE;
				GCC_WARN_UNUSED_FUNCTION = YES;
				GCC_WARN_UNUSED_VARIABLE = YES;
				IPHONEOS_DEPLOYMENT_TARGET = 17.2;
				LOCALIZATION_PREFERS_STRING_CATALOGS = YES;
				MTL_ENABLE_DEBUG_INFO = INCLUDE_SOURCE;
				MTL_FAST_MATH = YES;
				ONLY_ACTIVE_ARCH = YES;
				SDKROOT = iphoneos;
				SWIFT_ACTIVE_COMPILATION_CONDITIONS = "DEBUG $(inherited)";
				SWIFT_OPTIMIZATION_LEVEL = "-Onone";
				VERSIONING_SYSTEM = "apple-generic";
				VERSION_INFO_PREFIX = "";
			};
			name = Debug;
		};
		7E58A5E72BB5F3DA00965327 /* Release */ = {
			isa = XCBuildConfiguration;
			buildSettings = {
				ALWAYS_SEARCH_USER_PATHS = NO;
				ASSETCATALOG_COMPILER_GENERATE_SWIFT_ASSET_SYMBOL_EXTENSIONS = YES;
				CLANG_ANALYZER_NONNULL = YES;
				CLANG_ANALYZER_NUMBER_OBJECT_CONVERSION = YES_AGGRESSIVE;
				CLANG_CXX_LANGUAGE_STANDARD = "gnu++20";
				CLANG_ENABLE_MODULES = YES;
				CLANG_ENABLE_OBJC_ARC = YES;
				CLANG_ENABLE_OBJC_WEAK = YES;
				CLANG_WARN_BLOCK_CAPTURE_AUTORELEASING = YES;
				CLANG_WARN_BOOL_CONVERSION = YES;
				CLANG_WARN_COMMA = YES;
				CLANG_WARN_CONSTANT_CONVERSION = YES;
				CLANG_WARN_DEPRECATED_OBJC_IMPLEMENTATIONS = YES;
				CLANG_WARN_DIRECT_OBJC_ISA_USAGE = YES_ERROR;
				CLANG_WARN_DOCUMENTATION_COMMENTS = YES;
				CLANG_WARN_EMPTY_BODY = YES;
				CLANG_WARN_ENUM_CONVERSION = YES;
				CLANG_WARN_INFINITE_RECURSION = YES;
				CLANG_WARN_INT_CONVERSION = YES;
				CLANG_WARN_NON_LITERAL_NULL_CONVERSION = YES;
				CLANG_WARN_OBJC_IMPLICIT_RETAIN_SELF = YES;
				CLANG_WARN_OBJC_LITERAL_CONVERSION = YES;
				CLANG_WARN_OBJC_ROOT_CLASS = YES_ERROR;
				CLANG_WARN_QUOTED_INCLUDE_IN_FRAMEWORK_HEADER = YES;
				CLANG_WARN_RANGE_LOOP_ANALYSIS = YES;
				CLANG_WARN_STRICT_PROTOTYPES = YES;
				CLANG_WARN_SUSPICIOUS_MOVE = YES;
				CLANG_WARN_UNGUARDED_AVAILABILITY = YES_AGGRESSIVE;
				CLANG_WARN_UNREACHABLE_CODE = YES;
				CLANG_WARN__DUPLICATE_METHOD_MATCH = YES;
				COPY_PHASE_STRIP = NO;
				CURRENT_PROJECT_VERSION = 1;
				DEBUG_INFORMATION_FORMAT = "dwarf-with-dsym";
				ENABLE_NS_ASSERTIONS = NO;
				ENABLE_STRICT_OBJC_MSGSEND = YES;
				ENABLE_USER_SCRIPT_SANDBOXING = YES;
				GCC_C_LANGUAGE_STANDARD = gnu17;
				GCC_NO_COMMON_BLOCKS = YES;
				GCC_WARN_64_TO_32_BIT_CONVERSION = YES;
				GCC_WARN_ABOUT_RETURN_TYPE = YES_ERROR;
				GCC_WARN_UNDECLARED_SELECTOR = YES;
				GCC_WARN_UNINITIALIZED_AUTOS = YES_AGGRESSIVE;
				GCC_WARN_UNUSED_FUNCTION = YES;
				GCC_WARN_UNUSED_VARIABLE = YES;
				IPHONEOS_DEPLOYMENT_TARGET = 17.2;
				LOCALIZATION_PREFERS_STRING_CATALOGS = YES;
				MTL_ENABLE_DEBUG_INFO = NO;
				MTL_FAST_MATH = YES;
				SDKROOT = iphoneos;
				SWIFT_COMPILATION_MODE = wholemodule;
				VALIDATE_PRODUCT = YES;
				VERSIONING_SYSTEM = "apple-generic";
				VERSION_INFO_PREFIX = "";
			};
			name = Release;
		};
		7E58A5E92BB5F3DA00965327 /* Debug */ = {
			isa = XCBuildConfiguration;
			buildSettings = {
				CODE_SIGN_STYLE = Automatic;
				CURRENT_PROJECT_VERSION = 1;
				DEFINES_MODULE = YES;
				DEVELOPMENT_TEAM = 94KV3E626L;
				DYLIB_COMPATIBILITY_VERSION = 1;
				DYLIB_CURRENT_VERSION = 1;
				DYLIB_INSTALL_NAME_BASE = "@rpath";
				ENABLE_MODULE_VERIFIER = YES;
				GENERATE_INFOPLIST_FILE = YES;
				INFOPLIST_KEY_NSHumanReadableCopyright = "";
				INSTALL_PATH = "$(LOCAL_LIBRARY_DIR)/Frameworks";
				IPHONEOS_DEPLOYMENT_TARGET = 15.0;
				LD_RUNPATH_SEARCH_PATHS = (
					"$(inherited)",
					"@executable_path/Frameworks",
					"@loader_path/Frameworks",
				);
				MARKETING_VERSION = 1.0;
				MODULE_VERIFIER_SUPPORTED_LANGUAGES = "objective-c objective-c++";
				MODULE_VERIFIER_SUPPORTED_LANGUAGE_STANDARDS = "gnu17 gnu++20";
				PRODUCT_BUNDLE_IDENTIFIER = com.amazon.connect.chat.AmazonConnectChatIOS;
				PRODUCT_NAME = "$(TARGET_NAME:c99extidentifier)";
				SKIP_INSTALL = YES;
				SWIFT_EMIT_LOC_STRINGS = YES;
				SWIFT_VERSION = 5.0;
				TARGETED_DEVICE_FAMILY = "1,2";
			};
			name = Debug;
		};
		7E58A5EA2BB5F3DA00965327 /* Release */ = {
			isa = XCBuildConfiguration;
			buildSettings = {
				CODE_SIGN_STYLE = Automatic;
				CURRENT_PROJECT_VERSION = 1;
				DEFINES_MODULE = YES;
				DEVELOPMENT_TEAM = 94KV3E626L;
				DYLIB_COMPATIBILITY_VERSION = 1;
				DYLIB_CURRENT_VERSION = 1;
				DYLIB_INSTALL_NAME_BASE = "@rpath";
				ENABLE_MODULE_VERIFIER = YES;
				GENERATE_INFOPLIST_FILE = YES;
				INFOPLIST_KEY_NSHumanReadableCopyright = "";
				INSTALL_PATH = "$(LOCAL_LIBRARY_DIR)/Frameworks";
				IPHONEOS_DEPLOYMENT_TARGET = 15.0;
				LD_RUNPATH_SEARCH_PATHS = (
					"$(inherited)",
					"@executable_path/Frameworks",
					"@loader_path/Frameworks",
				);
				MARKETING_VERSION = 1.0;
				MODULE_VERIFIER_SUPPORTED_LANGUAGES = "objective-c objective-c++";
				MODULE_VERIFIER_SUPPORTED_LANGUAGE_STANDARDS = "gnu17 gnu++20";
				PRODUCT_BUNDLE_IDENTIFIER = com.amazon.connect.chat.AmazonConnectChatIOS;
				PRODUCT_NAME = "$(TARGET_NAME:c99extidentifier)";
				SKIP_INSTALL = YES;
				SWIFT_EMIT_LOC_STRINGS = YES;
				SWIFT_VERSION = 5.0;
				TARGETED_DEVICE_FAMILY = "1,2";
			};
			name = Release;
		};
		7E58A5EC2BB5F3DA00965327 /* Debug */ = {
			isa = XCBuildConfiguration;
			buildSettings = {
				ALWAYS_EMBED_SWIFT_STANDARD_LIBRARIES = YES;
				CODE_SIGN_STYLE = Automatic;
				CURRENT_PROJECT_VERSION = 1;
				DEVELOPMENT_TEAM = 94KV3E626L;
				ENABLE_USER_SCRIPT_SANDBOXING = NO;
				GENERATE_INFOPLIST_FILE = YES;
				IPHONEOS_DEPLOYMENT_TARGET = 17.0;
				MARKETING_VERSION = 1.0;
				PRODUCT_BUNDLE_IDENTIFIER = connect.AmazonConnectChatIOSTests;
				PRODUCT_NAME = "$(TARGET_NAME)";
				SWIFT_EMIT_LOC_STRINGS = NO;
				SWIFT_VERSION = 5.0;
				TARGETED_DEVICE_FAMILY = "1,2";
			};
			name = Debug;
		};
		7E58A5ED2BB5F3DA00965327 /* Release */ = {
			isa = XCBuildConfiguration;
			buildSettings = {
				ALWAYS_EMBED_SWIFT_STANDARD_LIBRARIES = YES;
				CODE_SIGN_STYLE = Automatic;
				CURRENT_PROJECT_VERSION = 1;
				DEVELOPMENT_TEAM = 94KV3E626L;
				ENABLE_USER_SCRIPT_SANDBOXING = NO;
				GENERATE_INFOPLIST_FILE = YES;
				IPHONEOS_DEPLOYMENT_TARGET = 17.0;
				MARKETING_VERSION = 1.0;
				PRODUCT_BUNDLE_IDENTIFIER = connect.AmazonConnectChatIOSTests;
				PRODUCT_NAME = "$(TARGET_NAME)";
				SWIFT_EMIT_LOC_STRINGS = NO;
				SWIFT_VERSION = 5.0;
				TARGETED_DEVICE_FAMILY = "1,2";
			};
			name = Release;
		};
/* End XCBuildConfiguration section */

/* Begin XCConfigurationList section */
		7E58A5CE2BB5F3DA00965327 /* Build configuration list for PBXProject "AmazonConnectChatIOS" */ = {
			isa = XCConfigurationList;
			buildConfigurations = (
				7E58A5E62BB5F3DA00965327 /* Debug */,
				7E58A5E72BB5F3DA00965327 /* Release */,
			);
			defaultConfigurationIsVisible = 0;
			defaultConfigurationName = Release;
		};
		7E58A5E82BB5F3DA00965327 /* Build configuration list for PBXNativeTarget "AmazonConnectChatIOS" */ = {
			isa = XCConfigurationList;
			buildConfigurations = (
				7E58A5E92BB5F3DA00965327 /* Debug */,
				7E58A5EA2BB5F3DA00965327 /* Release */,
			);
			defaultConfigurationIsVisible = 0;
			defaultConfigurationName = Release;
		};
		7E58A5EB2BB5F3DA00965327 /* Build configuration list for PBXNativeTarget "AmazonConnectChatIOSTests" */ = {
			isa = XCConfigurationList;
			buildConfigurations = (
				7E58A5EC2BB5F3DA00965327 /* Debug */,
				7E58A5ED2BB5F3DA00965327 /* Release */,
			);
			defaultConfigurationIsVisible = 0;
			defaultConfigurationName = Release;
		};
/* End XCConfigurationList section */

/* Begin XCRemoteSwiftPackageReference section */
		7E78DCFB2C3C93DB00D5351A /* XCRemoteSwiftPackageReference "aws-sdk-ios-spm" */ = {
			isa = XCRemoteSwiftPackageReference;
			repositoryURL = "https://github.com/aws-amplify/aws-sdk-ios-spm";
			requirement = {
				kind = upToNextMajorVersion;
				minimumVersion = 2.36.3;
			};
		};
/* End XCRemoteSwiftPackageReference section */

/* Begin XCSwiftPackageProductDependency section */
		7E78DCFC2C3C93DB00D5351A /* AWSConnectParticipant */ = {
			isa = XCSwiftPackageProductDependency;
			package = 7E78DCFB2C3C93DB00D5351A /* XCRemoteSwiftPackageReference "aws-sdk-ios-spm" */;
			productName = AWSConnectParticipant;
		};
		7E78DCFE2C3C93DB00D5351A /* AWSCore */ = {
			isa = XCSwiftPackageProductDependency;
			package = 7E78DCFB2C3C93DB00D5351A /* XCRemoteSwiftPackageReference "aws-sdk-ios-spm" */;
			productName = AWSCore;
		};
/* End XCSwiftPackageProductDependency section */
	};
	rootObject = 7E58A5CB2BB5F3DA00965327 /* Project object */;
}
