PODS:
  - AWSConnectParticipant (2.36.3):
    - AWSCore (= 2.36.3)
  - AWSCore (2.36.3)

DEPENDENCIES:
  - AWSConnectParticipant
  - AWSCore

SPEC REPOS:
  trunk:
    - AWSConnectParticipant
    - AWSCore

SPEC CHECKSUMS:
  AWSConnectParticipant: edb8b38919c23b6fba081f1bf2302d746774ef53
  AWSCore: c80f0c849456deb66aaf7d97e77854f7c2b28236

PODFILE CHECKSUM: 8ce922eea6873625e870ccb0e15742075629a4f8

COCOAPODS: 1.14.3
