PODS:
  - AWSConnectParticipant (2.33.4):
    - AWSCore (= 2.33.4)
  - AWSCore (2.33.4)

DEPENDENCIES:
  - AWSConnectParticipant
  - AWSCore

SPEC REPOS:
  trunk:
    - AWSConnectParticipant
    - AWSCore

SPEC CHECKSUMS:
  AWSConnectParticipant: d016830fc2883d4b5a62dff6c7cc4d933f5f47b6
  AWSCore: 83e3416d2224ba98b61d8eadcfcb1f90f48fab82

PODFILE CHECKSUM: 8ce922eea6873625e870ccb0e15742075629a4f8

COCOAPODS: 1.14.3
